
Microsoft Visual Studio Solution File, Format Version 12.00
# Visual Studio 2013
VisualStudioVersion = 12.0.31101.0
MinimumVisualStudioVersion = 10.0.40219.1
Project("{FAE04EC0-301F-11D3-BF4B-00C04F79EFBC}") = "MyConsoleApplication", "..\..\..\WcfService1\MyConsoleApplication\MyConsoleApplication.csproj", "{F322C362-D0EA-4AA1-AF67-DC7FEDA1B61E}"
EndProject
Project("{FAE04EC0-301F-11D3-BF4B-00C04F79EFBC}") = "MyService", "..\..\..\WcfService1\MyService\MyService.csproj", "{77E0B170-C6C1-44B3-82B6-75982CC58D26}"
EndProject
Global
	GlobalSection(SolutionConfigurationPlatforms) = preSolution
		Debug|Any CPU = Debug|Any CPU
		Release|Any CPU = Release|Any CPU
	EndGlobalSection
	GlobalSection(ProjectConfigurationPlatforms) = postSolution
		{F322C362-D0EA-4AA1-AF67-DC7FEDA1B61E}.Debug|Any CPU.ActiveCfg = Debug|Any CPU
		{F322C362-D0EA-4AA1-AF67-DC7FEDA1B61E}.Debug|Any CPU.Build.0 = Debug|Any CPU
		{F322C362-D0EA-4AA1-AF67-DC7FEDA1B61E}.Release|Any CPU.ActiveCfg = Release|Any CPU
		{F322C362-D0EA-4AA1-AF67-DC7FEDA1B61E}.Release|Any CPU.Build.0 = Release|Any CPU
		{77E0B170-C6C1-44B3-82B6-75982CC58D26}.Debug|Any CPU.ActiveCfg = Debug|Any CPU
		{77E0B170-C6C1-44B3-82B6-75982CC58D26}.Debug|Any CPU.Build.0 = Debug|Any CPU
		{77E0B170-C6C1-44B3-82B6-75982CC58D26}.Release|Any CPU.ActiveCfg = Release|Any CPU
		{77E0B170-C6C1-44B3-82B6-75982CC58D26}.Release|Any CPU.Build.0 = Release|Any CPU
	EndGlobalSection
	GlobalSection(SolutionProperties) = preSolution
		HideSolutionNode = FALSE
	EndGlobalSection
EndGlobal
